// !$*UTF8*$!
{
	archiveVersion = 1;
	classes = {
	};
	objectVersion = 46;
	objects = {

/* Begin PBXBuildFile section */
		1F0B1DFD1AA39AE400AC5E83 /* AppDelegate.swift in Sources */ = {isa = PBXBuildFile; fileRef = 1F0B1DFC1AA39AE400AC5E83 /* AppDelegate.swift */; };
		1F0B1DFF1AA39AE400AC5E83 /* RecordSoundViewController.swift in Sources */ = {isa = PBXBuildFile; fileRef = 1F0B1DFE1AA39AE400AC5E83 /* RecordSoundViewController.swift */; };
		1F0B1E021AA39AE400AC5E83 /* Main.storyboard in Resources */ = {isa = PBXBuildFile; fileRef = 1F0B1E001AA39AE400AC5E83 /* Main.storyboard */; };
		1F0B1E041AA39AE400AC5E83 /* Images.xcassets in Resources */ = {isa = PBXBuildFile; fileRef = 1F0B1E031AA39AE400AC5E83 /* Images.xcassets */; };
		1F0B1E071AA39AE400AC5E83 /* LaunchScreen.xib in Resources */ = {isa = PBXBuildFile; fileRef = 1F0B1E051AA39AE400AC5E83 /* LaunchScreen.xib */; };
		1F0B1E131AA39AE400AC5E83 /* CouplyTests.swift in Sources */ = {isa = PBXBuildFile; fileRef = 1F0B1E121AA39AE400AC5E83 /* CouplyTests.swift */; };
		1F0B1E201AA6C53900AC5E83 /* Server.swift in Sources */ = {isa = PBXBuildFile; fileRef = 1F0B1E1F1AA6C53900AC5E83 /* Server.swift */; };
		1F0B1E221AA6C6D500AC5E83 /* Constant.swift in Sources */ = {isa = PBXBuildFile; fileRef = 1F0B1E211AA6C6D500AC5E83 /* Constant.swift */; };
		1F0B1E3C1AA964E800AC5E83 /* Cache.swift in Sources */ = {isa = PBXBuildFile; fileRef = 1F0B1E3B1AA964E800AC5E83 /* Cache.swift */; };
		5F3287E91AB7DBD6009C023B /* RecordedAudio.swift in Sources */ = {isa = PBXBuildFile; fileRef = 5F3287E81AB7DBD6009C023B /* RecordedAudio.swift */; };
		5F5748DA1AACCBDA00D16DB7 /* Alamofire.framework in Frameworks */ = {isa = PBXBuildFile; fileRef = 5F5748D91AACCBB700D16DB7 /* Alamofire.framework */; };
		5F5748DB1AACCBDA00D16DB7 /* Alamofire.framework in Embed Frameworks */ = {isa = PBXBuildFile; fileRef = 5F5748D91AACCBB700D16DB7 /* Alamofire.framework */; settings = {ATTRIBUTES = (CodeSignOnCopy, RemoveHeadersOnCopy, ); }; };
		5F5748DF1AACD3FF00D16DB7 /* PlaySoundViewController.swift in Sources */ = {isa = PBXBuildFile; fileRef = 5F5748DE1AACD3FF00D16DB7 /* PlaySoundViewController.swift */; };
		5FB638C61AAE7B3C005A0A9B /* movie_quote.mp3 in Resources */ = {isa = PBXBuildFile; fileRef = 5FB638C51AAE7B3C005A0A9B /* movie_quote.mp3 */; };
/* End PBXBuildFile section */

/* Begin PBXContainerItemProxy section */
		1F0B1E0D1AA39AE400AC5E83 /* PBXContainerItemProxy */ = {
			isa = PBXContainerItemProxy;
			containerPortal = 1F0B1DEF1AA39AE400AC5E83 /* Project object */;
			proxyType = 1;
			remoteGlobalIDString = 1F0B1DF61AA39AE400AC5E83;
			remoteInfo = Couply;
		};
		5F5748D81AACCBB700D16DB7 /* PBXContainerItemProxy */ = {
			isa = PBXContainerItemProxy;
			containerPortal = 5F5748D41AACCBB700D16DB7 /* Alamofire.xcodeproj */;
			proxyType = 2;
			remoteGlobalIDString = F8111E3319A95C8B0040E7D1;
			remoteInfo = "Alamofire iOS";
		};
		5F5748DC1AACCBDA00D16DB7 /* PBXContainerItemProxy */ = {
			isa = PBXContainerItemProxy;
			containerPortal = 5F5748D41AACCBB700D16DB7 /* Alamofire.xcodeproj */;
			proxyType = 1;
			remoteGlobalIDString = F8111E3219A95C8B0040E7D1;
			remoteInfo = "Alamofire iOS";
		};
/* End PBXContainerItemProxy section */

/* Begin PBXCopyFilesBuildPhase section */
		1F0B1E3A1AA95C6600AC5E83 /* Copy Frameworks */ = {
			isa = PBXCopyFilesBuildPhase;
			buildActionMask = 2147483647;
			dstPath = Alamofire.framework;
			dstSubfolderSpec = 10;
			files = (
			);
			name = "Copy Frameworks";
			runOnlyForDeploymentPostprocessing = 0;
		};
		1F438B721AAB9C8C004144F2 /* Embed Frameworks */ = {
			isa = PBXCopyFilesBuildPhase;
			buildActionMask = 2147483647;
			dstPath = "";
			dstSubfolderSpec = 10;
			files = (
				5F5748DB1AACCBDA00D16DB7 /* Alamofire.framework in Embed Frameworks */,
			);
			name = "Embed Frameworks";
			runOnlyForDeploymentPostprocessing = 0;
		};
/* End PBXCopyFilesBuildPhase section */

/* Begin PBXFileReference section */
		1F0B1DF71AA39AE400AC5E83 /* Couply.app */ = {isa = PBXFileReference; explicitFileType = wrapper.application; includeInIndex = 0; path = Couply.app; sourceTree = BUILT_PRODUCTS_DIR; };
		1F0B1DFB1AA39AE400AC5E83 /* Info.plist */ = {isa = PBXFileReference; lastKnownFileType = text.plist.xml; path = Info.plist; sourceTree = "<group>"; };
		1F0B1DFC1AA39AE400AC5E83 /* AppDelegate.swift */ = {isa = PBXFileReference; lastKnownFileType = sourcecode.swift; path = AppDelegate.swift; sourceTree = "<group>"; };
		1F0B1DFE1AA39AE400AC5E83 /* RecordSoundViewController.swift */ = {isa = PBXFileReference; lastKnownFileType = sourcecode.swift; path = RecordSoundViewController.swift; sourceTree = "<group>"; };
		1F0B1E011AA39AE400AC5E83 /* Base */ = {isa = PBXFileReference; lastKnownFileType = file.storyboard; name = Base; path = Base.lproj/Main.storyboard; sourceTree = "<group>"; };
		1F0B1E031AA39AE400AC5E83 /* Images.xcassets */ = {isa = PBXFileReference; lastKnownFileType = folder.assetcatalog; path = Images.xcassets; sourceTree = "<group>"; };
		1F0B1E061AA39AE400AC5E83 /* Base */ = {isa = PBXFileReference; lastKnownFileType = file.xib; name = Base; path = Base.lproj/LaunchScreen.xib; sourceTree = "<group>"; };
		1F0B1E0C1AA39AE400AC5E83 /* CouplyTests.xctest */ = {isa = PBXFileReference; explicitFileType = wrapper.cfbundle; includeInIndex = 0; path = CouplyTests.xctest; sourceTree = BUILT_PRODUCTS_DIR; };
		1F0B1E111AA39AE400AC5E83 /* Info.plist */ = {isa = PBXFileReference; lastKnownFileType = text.plist.xml; path = Info.plist; sourceTree = "<group>"; };
		1F0B1E121AA39AE400AC5E83 /* CouplyTests.swift */ = {isa = PBXFileReference; lastKnownFileType = sourcecode.swift; path = CouplyTests.swift; sourceTree = "<group>"; };
		1F0B1E1F1AA6C53900AC5E83 /* Server.swift */ = {isa = PBXFileReference; fileEncoding = 4; lastKnownFileType = sourcecode.swift; path = Server.swift; sourceTree = "<group>"; };
		1F0B1E211AA6C6D500AC5E83 /* Constant.swift */ = {isa = PBXFileReference; fileEncoding = 4; lastKnownFileType = sourcecode.swift; path = Constant.swift; sourceTree = "<group>"; };
		1F0B1E3B1AA964E800AC5E83 /* Cache.swift */ = {isa = PBXFileReference; fileEncoding = 4; lastKnownFileType = sourcecode.swift; path = Cache.swift; sourceTree = "<group>"; };
		5F3287E81AB7DBD6009C023B /* RecordedAudio.swift */ = {isa = PBXFileReference; fileEncoding = 4; lastKnownFileType = sourcecode.swift; path = RecordedAudio.swift; sourceTree = "<group>"; };
		5F5748D41AACCBB700D16DB7 /* Alamofire.xcodeproj */ = {isa = PBXFileReference; lastKnownFileType = "wrapper.pb-project"; name = Alamofire.xcodeproj; path = Libs/Alamofire/Alamofire.xcodeproj; sourceTree = SOURCE_ROOT; };
		5F5748DE1AACD3FF00D16DB7 /* PlaySoundViewController.swift */ = {isa = PBXFileReference; fileEncoding = 4; lastKnownFileType = sourcecode.swift; path = PlaySoundViewController.swift; sourceTree = "<group>"; };
		5FB638C51AAE7B3C005A0A9B /* movie_quote.mp3 */ = {isa = PBXFileReference; lastKnownFileType = audio.mp3; path = movie_quote.mp3; sourceTree = "<group>"; };
/* End PBXFileReference section */

/* Begin PBXFrameworksBuildPhase section */
		1F0B1DF41AA39AE400AC5E83 /* Frameworks */ = {
			isa = PBXFrameworksBuildPhase;
			buildActionMask = 2147483647;
			files = (
				5F5748DA1AACCBDA00D16DB7 /* Alamofire.framework in Frameworks */,
			);
			runOnlyForDeploymentPostprocessing = 0;
		};
		1F0B1E091AA39AE400AC5E83 /* Frameworks */ = {
			isa = PBXFrameworksBuildPhase;
			buildActionMask = 2147483647;
			files = (
			);
			runOnlyForDeploymentPostprocessing = 0;
		};
/* End PBXFrameworksBuildPhase section */

/* Begin PBXGroup section */
		1F0B1DEE1AA39AE400AC5E83 = {
			isa = PBXGroup;
			children = (
				1F0B1DF91AA39AE400AC5E83 /* Couply */,
				1F0B1E0F1AA39AE400AC5E83 /* CouplyTests */,
				1F0B1DF81AA39AE400AC5E83 /* Products */,
			);
			sourceTree = "<group>";
		};
		1F0B1DF81AA39AE400AC5E83 /* Products */ = {
			isa = PBXGroup;
			children = (
				1F0B1DF71AA39AE400AC5E83 /* Couply.app */,
				1F0B1E0C1AA39AE400AC5E83 /* CouplyTests.xctest */,
			);
			name = Products;
			sourceTree = "<group>";
		};
		1F0B1DF91AA39AE400AC5E83 /* Couply */ = {
			isa = PBXGroup;
			children = (
				1F0B1DFC1AA39AE400AC5E83 /* AppDelegate.swift */,
				1F0B1DFE1AA39AE400AC5E83 /* RecordSoundViewController.swift */,
				5F3287E81AB7DBD6009C023B /* RecordedAudio.swift */,
				1F0B1E1F1AA6C53900AC5E83 /* Server.swift */,
				1F0B1E211AA6C6D500AC5E83 /* Constant.swift */,
				1F0B1E3B1AA964E800AC5E83 /* Cache.swift */,
				1F0B1E001AA39AE400AC5E83 /* Main.storyboard */,
				5F5748DE1AACD3FF00D16DB7 /* PlaySoundViewController.swift */,
				1F0B1E031AA39AE400AC5E83 /* Images.xcassets */,
				1F0B1E051AA39AE400AC5E83 /* LaunchScreen.xib */,
				5F5748D41AACCBB700D16DB7 /* Alamofire.xcodeproj */,
				1F0B1DFA1AA39AE400AC5E83 /* Supporting Files */,
			);
			path = Couply;
			sourceTree = "<group>";
		};
		1F0B1DFA1AA39AE400AC5E83 /* Supporting Files */ = {
			isa = PBXGroup;
			children = (
				5FB638C51AAE7B3C005A0A9B /* movie_quote.mp3 */,
				1F0B1DFB1AA39AE400AC5E83 /* Info.plist */,
			);
			name = "Supporting Files";
			sourceTree = "<group>";
		};
		1F0B1E0F1AA39AE400AC5E83 /* CouplyTests */ = {
			isa = PBXGroup;
			children = (
				1F0B1E121AA39AE400AC5E83 /* CouplyTests.swift */,
				1F0B1E101AA39AE400AC5E83 /* Supporting Files */,
			);
			path = CouplyTests;
			sourceTree = "<group>";
		};
		1F0B1E101AA39AE400AC5E83 /* Supporting Files */ = {
			isa = PBXGroup;
			children = (
				1F0B1E111AA39AE400AC5E83 /* Info.plist */,
			);
			name = "Supporting Files";
			sourceTree = "<group>";
		};
		5F5748D51AACCBB700D16DB7 /* Products */ = {
			isa = PBXGroup;
			children = (
				5F5748D91AACCBB700D16DB7 /* Alamofire.framework */,
			);
			name = Products;
			sourceTree = "<group>";
		};
/* End PBXGroup section */

/* Begin PBXNativeTarget section */
		1F0B1DF61AA39AE400AC5E83 /* Couply */ = {
			isa = PBXNativeTarget;
			buildConfigurationList = 1F0B1E161AA39AE400AC5E83 /* Build configuration list for PBXNativeTarget "Couply" */;
			buildPhases = (
				1F0B1DF31AA39AE400AC5E83 /* Sources */,
				1F0B1DF41AA39AE400AC5E83 /* Frameworks */,
				1F0B1DF51AA39AE400AC5E83 /* Resources */,
				1F0B1E3A1AA95C6600AC5E83 /* Copy Frameworks */,
				1F438B721AAB9C8C004144F2 /* Embed Frameworks */,
			);
			buildRules = (
			);
			dependencies = (
				5F5748DD1AACCBDA00D16DB7 /* PBXTargetDependency */,
			);
			name = Couply;
			productName = Couply;
			productReference = 1F0B1DF71AA39AE400AC5E83 /* Couply.app */;
			productType = "com.apple.product-type.application";
		};
		1F0B1E0B1AA39AE400AC5E83 /* CouplyTests */ = {
			isa = PBXNativeTarget;
			buildConfigurationList = 1F0B1E191AA39AE400AC5E83 /* Build configuration list for PBXNativeTarget "CouplyTests" */;
			buildPhases = (
				1F0B1E081AA39AE400AC5E83 /* Sources */,
				1F0B1E091AA39AE400AC5E83 /* Frameworks */,
				1F0B1E0A1AA39AE400AC5E83 /* Resources */,
			);
			buildRules = (
			);
			dependencies = (
				1F0B1E0E1AA39AE400AC5E83 /* PBXTargetDependency */,
			);
			name = CouplyTests;
			productName = CouplyTests;
			productReference = 1F0B1E0C1AA39AE400AC5E83 /* CouplyTests.xctest */;
			productType = "com.apple.product-type.bundle.unit-test";
		};
/* End PBXNativeTarget section */

/* Begin PBXProject section */
		1F0B1DEF1AA39AE400AC5E83 /* Project object */ = {
			isa = PBXProject;
			attributes = {
				LastUpgradeCheck = 0630;
				ORGANIZATIONNAME = MindVacationInc;
				TargetAttributes = {
					1F0B1DF61AA39AE400AC5E83 = {
						CreatedOnToolsVersion = 6.3;
					};
					1F0B1E0B1AA39AE400AC5E83 = {
						CreatedOnToolsVersion = 6.3;
						TestTargetID = 1F0B1DF61AA39AE400AC5E83;
					};
				};
			};
			buildConfigurationList = 1F0B1DF21AA39AE400AC5E83 /* Build configuration list for PBXProject "Couply" */;
			compatibilityVersion = "Xcode 3.2";
			developmentRegion = English;
			hasScannedForEncodings = 0;
			knownRegions = (
				en,
				Base,
			);
			mainGroup = 1F0B1DEE1AA39AE400AC5E83;
			productRefGroup = 1F0B1DF81AA39AE400AC5E83 /* Products */;
			projectDirPath = "";
			projectReferences = (
				{
					ProductGroup = 5F5748D51AACCBB700D16DB7 /* Products */;
					ProjectRef = 5F5748D41AACCBB700D16DB7 /* Alamofire.xcodeproj */;
				},
			);
			projectRoot = "";
			targets = (
				1F0B1DF61AA39AE400AC5E83 /* Couply */,
				1F0B1E0B1AA39AE400AC5E83 /* CouplyTests */,
			);
		};
/* End PBXProject section */

/* Begin PBXReferenceProxy section */
		5F5748D91AACCBB700D16DB7 /* Alamofire.framework */ = {
			isa = PBXReferenceProxy;
			fileType = wrapper.framework;
			path = Alamofire.framework;
			remoteRef = 5F5748D81AACCBB700D16DB7 /* PBXContainerItemProxy */;
			sourceTree = BUILT_PRODUCTS_DIR;
		};
/* End PBXReferenceProxy section */

/* Begin PBXResourcesBuildPhase section */
		1F0B1DF51AA39AE400AC5E83 /* Resources */ = {
			isa = PBXResourcesBuildPhase;
			buildActionMask = 2147483647;
			files = (
				1F0B1E021AA39AE400AC5E83 /* Main.storyboard in Resources */,
				1F0B1E071AA39AE400AC5E83 /* LaunchScreen.xib in Resources */,
				5FB638C61AAE7B3C005A0A9B /* movie_quote.mp3 in Resources */,
				1F0B1E041AA39AE400AC5E83 /* Images.xcassets in Resources */,
			);
			runOnlyForDeploymentPostprocessing = 0;
		};
		1F0B1E0A1AA39AE400AC5E83 /* Resources */ = {
			isa = PBXResourcesBuildPhase;
			buildActionMask = 2147483647;
			files = (
			);
			runOnlyForDeploymentPostprocessing = 0;
		};
/* End PBXResourcesBuildPhase section */

/* Begin PBXSourcesBuildPhase section */
		1F0B1DF31AA39AE400AC5E83 /* Sources */ = {
			isa = PBXSourcesBuildPhase;
			buildActionMask = 2147483647;
			files = (
				1F0B1DFF1AA39AE400AC5E83 /* RecordSoundViewController.swift in Sources */,
				1F0B1E3C1AA964E800AC5E83 /* Cache.swift in Sources */,
				1F0B1E201AA6C53900AC5E83 /* Server.swift in Sources */,
				1F0B1DFD1AA39AE400AC5E83 /* AppDelegate.swift in Sources */,
				5F3287E91AB7DBD6009C023B /* RecordedAudio.swift in Sources */,
				5F5748DF1AACD3FF00D16DB7 /* PlaySoundViewController.swift in Sources */,
				1F0B1E221AA6C6D500AC5E83 /* Constant.swift in Sources */,
			);
			runOnlyForDeploymentPostprocessing = 0;
		};
		1F0B1E081AA39AE400AC5E83 /* Sources */ = {
			isa = PBXSourcesBuildPhase;
			buildActionMask = 2147483647;
			files = (
				1F0B1E131AA39AE400AC5E83 /* CouplyTests.swift in Sources */,
			);
			runOnlyForDeploymentPostprocessing = 0;
		};
/* End PBXSourcesBuildPhase section */

/* Begin PBXTargetDependency section */
		1F0B1E0E1AA39AE400AC5E83 /* PBXTargetDependency */ = {
			isa = PBXTargetDependency;
			target = 1F0B1DF61AA39AE400AC5E83 /* Couply */;
			targetProxy = 1F0B1E0D1AA39AE400AC5E83 /* PBXContainerItemProxy */;
		};
		5F5748DD1AACCBDA00D16DB7 /* PBXTargetDependency */ = {
			isa = PBXTargetDependency;
			name = "Alamofire iOS";
			targetProxy = 5F5748DC1AACCBDA00D16DB7 /* PBXContainerItemProxy */;
		};
/* End PBXTargetDependency section */

/* Begin PBXVariantGroup section */
		1F0B1E001AA39AE400AC5E83 /* Main.storyboard */ = {
			isa = PBXVariantGroup;
			children = (
				1F0B1E011AA39AE400AC5E83 /* Base */,
			);
			name = Main.storyboard;
			sourceTree = "<group>";
		};
		1F0B1E051AA39AE400AC5E83 /* LaunchScreen.xib */ = {
			isa = PBXVariantGroup;
			children = (
				1F0B1E061AA39AE400AC5E83 /* Base */,
			);
			name = LaunchScreen.xib;
			sourceTree = "<group>";
		};
/* End PBXVariantGroup section */

/* Begin XCBuildConfiguration section */
		1F0B1E141AA39AE400AC5E83 /* Debug */ = {
			isa = XCBuildConfiguration;
			buildSettings = {
				ALWAYS_SEARCH_USER_PATHS = NO;
				CLANG_CXX_LANGUAGE_STANDARD = "gnu++0x";
				CLANG_CXX_LIBRARY = "libc++";
				CLANG_ENABLE_MODULES = YES;
				CLANG_ENABLE_OBJC_ARC = YES;
				CLANG_WARN_BOOL_CONVERSION = YES;
				CLANG_WARN_CONSTANT_CONVERSION = YES;
				CLANG_WARN_DIRECT_OBJC_ISA_USAGE = YES_ERROR;
				CLANG_WARN_EMPTY_BODY = YES;
				CLANG_WARN_ENUM_CONVERSION = YES;
				CLANG_WARN_INT_CONVERSION = YES;
				CLANG_WARN_OBJC_ROOT_CLASS = YES_ERROR;
				CLANG_WARN_UNREACHABLE_CODE = YES;
				CLANG_WARN__DUPLICATE_METHOD_MATCH = YES;
				"CODE_SIGN_IDENTITY[sdk=iphoneos*]" = "iPhone Developer";
				COPY_PHASE_STRIP = NO;
				DEBUG_INFORMATION_FORMAT = dwarf;
				ENABLE_STRICT_OBJC_MSGSEND = YES;
				GCC_C_LANGUAGE_STANDARD = gnu99;
				GCC_DYNAMIC_NO_PIC = NO;
				GCC_NO_COMMON_BLOCKS = YES;
				GCC_OPTIMIZATION_LEVEL = 0;
				GCC_PREPROCESSOR_DEFINITIONS = (
					"DEBUG=1",
					"$(inherited)",
				);
				GCC_SYMBOLS_PRIVATE_EXTERN = NO;
				GCC_WARN_64_TO_32_BIT_CONVERSION = YES;
				GCC_WARN_ABOUT_RETURN_TYPE = YES_ERROR;
				GCC_WARN_UNDECLARED_SELECTOR = YES;
				GCC_WARN_UNINITIALIZED_AUTOS = YES_AGGRESSIVE;
				GCC_WARN_UNUSED_FUNCTION = YES;
				GCC_WARN_UNUSED_VARIABLE = YES;
				IPHONEOS_DEPLOYMENT_TARGET = 8.3;
				MTL_ENABLE_DEBUG_INFO = YES;
				ONLY_ACTIVE_ARCH = YES;
				SDKROOT = iphoneos;
				SWIFT_OPTIMIZATION_LEVEL = "-Onone";
				TARGETED_DEVICE_FAMILY = "1,2";
			};
			name = Debug;
		};
		1F0B1E151AA39AE400AC5E83 /* Release */ = {
			isa = XCBuildConfiguration;
			buildSettings = {
				ALWAYS_SEARCH_USER_PATHS = NO;
				CLANG_CXX_LANGUAGE_STANDARD = "gnu++0x";
				CLANG_CXX_LIBRARY = "libc++";
				CLANG_ENABLE_MODULES = YES;
				CLANG_ENABLE_OBJC_ARC = YES;
				CLANG_WARN_BOOL_CONVERSION = YES;
				CLANG_WARN_CONSTANT_CONVERSION = YES;
				CLANG_WARN_DIRECT_OBJC_ISA_USAGE = YES_ERROR;
				CLANG_WARN_EMPTY_BODY = YES;
				CLANG_WARN_ENUM_CONVERSION = YES;
				CLANG_WARN_INT_CONVERSION = YES;
				CLANG_WARN_OBJC_ROOT_CLASS = YES_ERROR;
				CLANG_WARN_UNREACHABLE_CODE = YES;
				CLANG_WARN__DUPLICATE_METHOD_MATCH = YES;
				"CODE_SIGN_IDENTITY[sdk=iphoneos*]" = "iPhone Developer";
				COPY_PHASE_STRIP = NO;
				DEBUG_INFORMATION_FORMAT = "dwarf-with-dsym";
				ENABLE_NS_ASSERTIONS = NO;
				ENABLE_STRICT_OBJC_MSGSEND = YES;
				GCC_C_LANGUAGE_STANDARD = gnu99;
				GCC_NO_COMMON_BLOCKS = YES;
				GCC_WARN_64_TO_32_BIT_CONVERSION = YES;
				GCC_WARN_ABOUT_RETURN_TYPE = YES_ERROR;
				GCC_WARN_UNDECLARED_SELECTOR = YES;
				GCC_WARN_UNINITIALIZED_AUTOS = YES_AGGRESSIVE;
				GCC_WARN_UNUSED_FUNCTION = YES;
				GCC_WARN_UNUSED_VARIABLE = YES;
				IPHONEOS_DEPLOYMENT_TARGET = 8.3;
				MTL_ENABLE_DEBUG_INFO = NO;
				SDKROOT = iphoneos;
				TARGETED_DEVICE_FAMILY = "1,2";
				VALIDATE_PRODUCT = YES;
			};
			name = Release;
		};
		1F0B1E171AA39AE400AC5E83 /* Debug */ = {
			isa = XCBuildConfiguration;
			buildSettings = {
				ASSETCATALOG_COMPILER_APPICON_NAME = AppIcon;
				EMBEDDED_CONTENT_CONTAINS_SWIFT = YES;
				INFOPLIST_FILE = Couply/Info.plist;
				IPHONEOS_DEPLOYMENT_TARGET = 7.0;
				LD_RUNPATH_SEARCH_PATHS = "$(inherited) @executable_path/Frameworks";
				PRODUCT_NAME = "$(TARGET_NAME)";
			};
			name = Debug;
		};
		1F0B1E181AA39AE400AC5E83 /* Release */ = {
			isa = XCBuildConfiguration;
			buildSettings = {
				ASSETCATALOG_COMPILER_APPICON_NAME = AppIcon;
				EMBEDDED_CONTENT_CONTAINS_SWIFT = YES;
				INFOPLIST_FILE = Couply/Info.plist;
				IPHONEOS_DEPLOYMENT_TARGET = 7.0;
				LD_RUNPATH_SEARCH_PATHS = "$(inherited) @executable_path/Frameworks";
				PRODUCT_NAME = "$(TARGET_NAME)";
			};
			name = Release;
		};
		1F0B1E1A1AA39AE400AC5E83 /* Debug */ = {
			isa = XCBuildConfiguration;
			buildSettings = {
				BUNDLE_LOADER = "$(TEST_HOST)";
				FRAMEWORK_SEARCH_PATHS = (
					"$(SDKROOT)/Developer/Library/Frameworks",
					"$(inherited)",
				);
				GCC_PREPROCESSOR_DEFINITIONS = (
					"DEBUG=1",
					"$(inherited)",
				);
				INFOPLIST_FILE = CouplyTests/Info.plist;
				LD_RUNPATH_SEARCH_PATHS = "$(inherited) @executable_path/Frameworks @loader_path/Frameworks";
				PRODUCT_NAME = "$(TARGET_NAME)";
				TEST_HOST = "$(BUILT_PRODUCTS_DIR)/Couply.app/Couply";
			};
			name = Debug;
		};
		1F0B1E1B1AA39AE400AC5E83 /* Release */ = {
			isa = XCBuildConfiguration;
			buildSettings = {
				BUNDLE_LOADER = "$(TEST_HOST)";
				FRAMEWORK_SEARCH_PATHS = (
					"$(SDKROOT)/Developer/Library/Frameworks",
					"$(inherited)",
				);
				INFOPLIST_FILE = CouplyTests/Info.plist;
				LD_RUNPATH_SEARCH_PATHS = "$(inherited) @executable_path/Frameworks @loader_path/Frameworks";
				PRODUCT_NAME = "$(TARGET_NAME)";
				TEST_HOST = "$(BUILT_PRODUCTS_DIR)/Couply.app/Couply";
			};
			name = Release;
		};
/* End XCBuildConfiguration section */

/* Begin XCConfigurationList section */
		1F0B1DF21AA39AE400AC5E83 /* Build configuration list for PBXProject "Couply" */ = {
			isa = XCConfigurationList;
			buildConfigurations = (
				1F0B1E141AA39AE400AC5E83 /* Debug */,
				1F0B1E151AA39AE400AC5E83 /* Release */,
			);
			defaultConfigurationIsVisible = 0;
			defaultConfigurationName = Release;
		};
		1F0B1E161AA39AE400AC5E83 /* Build configuration list for PBXNativeTarget "Couply" */ = {
			isa = XCConfigurationList;
			buildConfigurations = (
				1F0B1E171AA39AE400AC5E83 /* Debug */,
				1F0B1E181AA39AE400AC5E83 /* Release */,
			);
			defaultConfigurationIsVisible = 0;
			defaultConfigurationName = Release;
		};
		1F0B1E191AA39AE400AC5E83 /* Build configuration list for PBXNativeTarget "CouplyTests" */ = {
			isa = XCConfigurationList;
			buildConfigurations = (
				1F0B1E1A1AA39AE400AC5E83 /* Debug */,
				1F0B1E1B1AA39AE400AC5E83 /* Release */,
			);
			defaultConfigurationIsVisible = 0;
			defaultConfigurationName = Release;
		};
/* End XCConfigurationList section */
	};
	rootObject = 1F0B1DEF1AA39AE400AC5E83 /* Project object */;
}
